
Microsoft Visual Studio Solution File, Format Version 12.00
# Visual Studio 15
VisualStudioVersion = 15.0.27703.2047
MinimumVisualStudioVersion = 10.0.40219.1
Project("{FAE04EC0-301F-11D3-BF4B-00C04F79EFBC}") = "Matlab.DataModel", "Matlab.DataModel\Matlab.DataModel.csproj", "{00C2472C-3993-4C23-9B1E-AFD3184C2AD9}"
EndProject
Project("{FAE04EC0-301F-11D3-BF4B-00C04F79EFBC}") = "Matlab.Api", "Matlab.Api\Matlab.Api.csproj", "{68360D47-6D99-4CF8-AC60-BC161E930807}"
EndProject
Project("{FAE04EC0-301F-11D3-BF4B-00C04F79EFBC}") = "Matlab.Logger", "Matlab.Logger\Matlab.Logger.csproj", "{8B8F7914-9024-4097-80EC-B58EDC514C5B}"
EndProject
Project("{FAE04EC0-301F-11D3-BF4B-00C04F79EFBC}") = "MigrateDataFromOldDbToMatlabDb", "MigrateDataFromOldDbToMatlabDb\MigrateDataFromOldDbToMatlabDb.csproj", "{F654A2FA-381B-4A28-A6AD-75C39355576C}"
EndProject
Global
	GlobalSection(SolutionConfigurationPlatforms) = preSolution
		Debug|Any CPU = Debug|Any CPU
		Release|Any CPU = Release|Any CPU
	EndGlobalSection
	GlobalSection(ProjectConfigurationPlatforms) = postSolution
		{00C2472C-3993-4C23-9B1E-AFD3184C2AD9}.Debug|Any CPU.ActiveCfg = Debug|Any CPU
		{00C2472C-3993-4C23-9B1E-AFD3184C2AD9}.Debug|Any CPU.Build.0 = Debug|Any CPU
		{00C2472C-3993-4C23-9B1E-AFD3184C2AD9}.Release|Any CPU.ActiveCfg = Release|Any CPU
		{00C2472C-3993-4C23-9B1E-AFD3184C2AD9}.Release|Any CPU.Build.0 = Release|Any CPU
		{68360D47-6D99-4CF8-AC60-BC161E930807}.Debug|Any CPU.ActiveCfg = Debug|Any CPU
		{68360D47-6D99-4CF8-AC60-BC161E930807}.Debug|Any CPU.Build.0 = Debug|Any CPU
		{68360D47-6D99-4CF8-AC60-BC161E930807}.Release|Any CPU.ActiveCfg = Release|Any CPU
		{68360D47-6D99-4CF8-AC60-BC161E930807}.Release|Any CPU.Build.0 = Release|Any CPU
		{8B8F7914-9024-4097-80EC-B58EDC514C5B}.Debug|Any CPU.ActiveCfg = Debug|Any CPU
		{8B8F7914-9024-4097-80EC-B58EDC514C5B}.Debug|Any CPU.Build.0 = Debug|Any CPU
		{8B8F7914-9024-4097-80EC-B58EDC514C5B}.Release|Any CPU.ActiveCfg = Release|Any CPU
		{8B8F7914-9024-4097-80EC-B58EDC514C5B}.Release|Any CPU.Build.0 = Release|Any CPU
		{F654A2FA-381B-4A28-A6AD-75C39355576C}.Debug|Any CPU.ActiveCfg = Debug|Any CPU
		{F654A2FA-381B-4A28-A6AD-75C39355576C}.Debug|Any CPU.Build.0 = Debug|Any CPU
		{F654A2FA-381B-4A28-A6AD-75C39355576C}.Release|Any CPU.ActiveCfg = Release|Any CPU
		{F654A2FA-381B-4A28-A6AD-75C39355576C}.Release|Any CPU.Build.0 = Release|Any CPU
	EndGlobalSection
	GlobalSection(SolutionProperties) = preSolution
		HideSolutionNode = FALSE
	EndGlobalSection
	GlobalSection(ExtensibilityGlobals) = postSolution
		SolutionGuid = {D5EF45F7-5A82-4ABE-96F5-FF36713C2E70}
	EndGlobalSection
EndGlobal
